// !$*UTF8*$!
{
	archiveVersion = 1;
	classes = {
	};
	objectVersion = 51;
	objects = {

/* Begin PBXBuildFile section */
		ABEA160FED507C1DA0325CF5 /* Pods_BlockHeal.framework in Frameworks */ = {isa = PBXBuildFile; fileRef = E2AD614EEA1C52B15A6BFAE1 /* Pods_BlockHeal.framework */; };
		F51ACA76249C84AF00A6A5A5 /* MainViewController.swift in Sources */ = {isa = PBXBuildFile; fileRef = F51ACA75249C84AF00A6A5A5 /* MainViewController.swift */; };
		F51ACA78249C84B700A6A5A5 /* SplashViewController.swift in Sources */ = {isa = PBXBuildFile; fileRef = F51ACA77249C84B700A6A5A5 /* SplashViewController.swift */; };
		F51ACA7A249C87F200A6A5A5 /* PersonTypeTableViewCell.swift in Sources */ = {isa = PBXBuildFile; fileRef = F51ACA79249C87F200A6A5A5 /* PersonTypeTableViewCell.swift */; };
		F51ACA81249CAE1D00A6A5A5 /* TableHeaderView.swift in Sources */ = {isa = PBXBuildFile; fileRef = F51ACA7C249CABE800A6A5A5 /* TableHeaderView.swift */; };
		F51ACA84249CB49200A6A5A5 /* RequestTableViewCell.swift in Sources */ = {isa = PBXBuildFile; fileRef = F51ACA83249CB49200A6A5A5 /* RequestTableViewCell.swift */; };
		F51ACA85249CBF1300A6A5A5 /* tableHeaderView.xib in Resources */ = {isa = PBXBuildFile; fileRef = F51ACA7D249CABE800A6A5A5 /* tableHeaderView.xib */; };
		F52CCF23248F13A400DE07DE /* TransactionHelper.swift in Sources */ = {isa = PBXBuildFile; fileRef = F5A18459248EAAB600286EA2 /* TransactionHelper.swift */; };
		F541E5572473249E00A0D6FE /* AppDelegate.swift in Sources */ = {isa = PBXBuildFile; fileRef = F541E5562473249E00A0D6FE /* AppDelegate.swift */; };
		F541E5592473249E00A0D6FE /* SceneDelegate.swift in Sources */ = {isa = PBXBuildFile; fileRef = F541E5582473249E00A0D6FE /* SceneDelegate.swift */; };
		F541E55B2473249E00A0D6FE /* ViewController.swift in Sources */ = {isa = PBXBuildFile; fileRef = F541E55A2473249E00A0D6FE /* ViewController.swift */; };
		F541E55E2473249E00A0D6FE /* Main.storyboard in Resources */ = {isa = PBXBuildFile; fileRef = F541E55C2473249E00A0D6FE /* Main.storyboard */; };
		F541E560247324A000A0D6FE /* Assets.xcassets in Resources */ = {isa = PBXBuildFile; fileRef = F541E55F247324A000A0D6FE /* Assets.xcassets */; };
		F541E563247324A000A0D6FE /* LaunchScreen.storyboard in Resources */ = {isa = PBXBuildFile; fileRef = F541E561247324A000A0D6FE /* LaunchScreen.storyboard */; };
		F576566024779E4F006321FC /* UserAction.storyboard in Resources */ = {isa = PBXBuildFile; fileRef = F576565F24779E4F006321FC /* UserAction.storyboard */; };
		F57ADA7F2499D9B2000C6633 /* Patient.storyboard in Resources */ = {isa = PBXBuildFile; fileRef = F57ADA7E2499D9B2000C6633 /* Patient.storyboard */; };
		F57ADA872499E01F000C6633 /* BaseViewController.swift in Sources */ = {isa = PBXBuildFile; fileRef = F57ADA862499E01F000C6633 /* BaseViewController.swift */; };
		F57ADA892499E14F000C6633 /* NetworkManager.swift in Sources */ = {isa = PBXBuildFile; fileRef = F57ADA882499E14F000C6633 /* NetworkManager.swift */; };
		F57ADA8B2499E246000C6633 /* StoringData.swift in Sources */ = {isa = PBXBuildFile; fileRef = F57ADA8A2499E246000C6633 /* StoringData.swift */; };
		F5A18473248EDDA600286EA2 /* Keychain.swift in Sources */ = {isa = PBXBuildFile; fileRef = F5A18472248EDDA600286EA2 /* Keychain.swift */; };
		F5A3DCC62497A3520036515E /* payload.pb.swift in Sources */ = {isa = PBXBuildFile; fileRef = F5A3DCC52497A3520036515E /* payload.pb.swift */; };
		F5A3DCC92497B6B80036515E /* Transaction.swift in Sources */ = {isa = PBXBuildFile; fileRef = F5A3DCC82497B6B80036515E /* Transaction.swift */; };
		F5A3DCD52497B83B0036515E /* batch.pb.swift in Sources */ = {isa = PBXBuildFile; fileRef = F5A3DCD32497B83B0036515E /* batch.pb.swift */; };
		F5A3DCD62497B83B0036515E /* transaction.pb.swift in Sources */ = {isa = PBXBuildFile; fileRef = F5A3DCD42497B83B0036515E /* transaction.pb.swift */; };
		F5A3DD032497E31D0036515E /* Context.swift in Sources */ = {isa = PBXBuildFile; fileRef = F5A3DCF72497E3190036515E /* Context.swift */; };
		F5A3DD052497E31D0036515E /* Secp256k1PublicKey.swift in Sources */ = {isa = PBXBuildFile; fileRef = F5A3DCF92497E31A0036515E /* Secp256k1PublicKey.swift */; };
		F5A3DD062497E31D0036515E /* PublicKey.swift in Sources */ = {isa = PBXBuildFile; fileRef = F5A3DCFA2497E31A0036515E /* PublicKey.swift */; };
		F5A3DD072497E31D0036515E /* Encoding.swift in Sources */ = {isa = PBXBuildFile; fileRef = F5A3DCFB2497E31A0036515E /* Encoding.swift */; };
		F5A3DD082497E31D0036515E /* Error.swift in Sources */ = {isa = PBXBuildFile; fileRef = F5A3DCFC2497E31B0036515E /* Error.swift */; };
		F5A3DD092497E31D0036515E /* Secp256k1Context.swift in Sources */ = {isa = PBXBuildFile; fileRef = F5A3DCFD2497E31B0036515E /* Secp256k1Context.swift */; };
		F5A3DD0A2497E31D0036515E /* PrivateKey.swift in Sources */ = {isa = PBXBuildFile; fileRef = F5A3DCFE2497E31B0036515E /* PrivateKey.swift */; };
		F5A3DD0B2497E31D0036515E /* Signer.swift in Sources */ = {isa = PBXBuildFile; fileRef = F5A3DCFF2497E31C0036515E /* Signer.swift */; };
		F5A3DD0C2497E31D0036515E /* CryptoFactory.swift in Sources */ = {isa = PBXBuildFile; fileRef = F5A3DD002497E31C0036515E /* CryptoFactory.swift */; };
		F5A3DD0D2497E31D0036515E /* Secp256k1PrivateKey.swift in Sources */ = {isa = PBXBuildFile; fileRef = F5A3DD012497E31C0036515E /* Secp256k1PrivateKey.swift */; };
		F5C8641C2494FDA400BAE28D /* drugstore.pb.swift in Sources */ = {isa = PBXBuildFile; fileRef = F5C864182494FDA400BAE28D /* drugstore.pb.swift */; };
		F5C8641D2494FDA400BAE28D /* doctor.pb.swift in Sources */ = {isa = PBXBuildFile; fileRef = F5C864192494FDA400BAE28D /* doctor.pb.swift */; };
		F5C8641E2494FDA400BAE28D /* patient.pb.swift in Sources */ = {isa = PBXBuildFile; fileRef = F5C8641A2494FDA400BAE28D /* patient.pb.swift */; };
		F5C864212494FDDC00BAE28D /* prescript.pb.swift in Sources */ = {isa = PBXBuildFile; fileRef = F5C864202494FDDC00BAE28D /* prescript.pb.swift */; };
		F5CD4928249F161200DB155E /* LoginViewController.swift in Sources */ = {isa = PBXBuildFile; fileRef = F5CD4927249F161200DB155E /* LoginViewController.swift */; };
		F5CD492A249F183100DB155E /* RegisterViewController.swift in Sources */ = {isa = PBXBuildFile; fileRef = F5CD4929249F183100DB155E /* RegisterViewController.swift */; };
		F5E30A472473A03800C347D4 /* APIConfiguration.swift in Sources */ = {isa = PBXBuildFile; fileRef = F5E30A422473A03700C347D4 /* APIConfiguration.swift */; };
		F5E30A482473A03800C347D4 /* NetworkConstants.swift in Sources */ = {isa = PBXBuildFile; fileRef = F5E30A432473A03700C347D4 /* NetworkConstants.swift */; };
		F5E30A492473A03800C347D4 /* NetworkInterceptor.swift in Sources */ = {isa = PBXBuildFile; fileRef = F5E30A442473A03800C347D4 /* NetworkInterceptor.swift */; };
		F5E30A4A2473A03800C347D4 /* URLs.swift in Sources */ = {isa = PBXBuildFile; fileRef = F5E30A452473A03800C347D4 /* URLs.swift */; };
		F5E30A4B2473A03800C347D4 /* API.swift in Sources */ = {isa = PBXBuildFile; fileRef = F5E30A462473A03800C347D4 /* API.swift */; };
		F5E30A512473A08E00C347D4 /* DialogueHelper.swift in Sources */ = {isa = PBXBuildFile; fileRef = F5E30A4D2473A08E00C347D4 /* DialogueHelper.swift */; };
		F5E30A522473A08E00C347D4 /* InteractionPanToClose.swift in Sources */ = {isa = PBXBuildFile; fileRef = F5E30A4E2473A08E00C347D4 /* InteractionPanToClose.swift */; };
		F5E30A532473A08E00C347D4 /* UserDefaultsHelper.swift in Sources */ = {isa = PBXBuildFile; fileRef = F5E30A4F2473A08E00C347D4 /* UserDefaultsHelper.swift */; };
		F5E30A542473A08E00C347D4 /* SegueHelper.swift in Sources */ = {isa = PBXBuildFile; fileRef = F5E30A502473A08E00C347D4 /* SegueHelper.swift */; };
		F5E30A6C2473A0A900C347D4 /* UIView.swift in Sources */ = {isa = PBXBuildFile; fileRef = F5E30A572473A0A700C347D4 /* UIView.swift */; };
		F5E30A6D2473A0A900C347D4 /* UIImage.swift in Sources */ = {isa = PBXBuildFile; fileRef = F5E30A582473A0A700C347D4 /* UIImage.swift */; };
		F5E30A6E2473A0A900C347D4 /* UIButton.swift in Sources */ = {isa = PBXBuildFile; fileRef = F5E30A592473A0A700C347D4 /* UIButton.swift */; };
		F5E30A6F2473A0A900C347D4 /* UILabel.swift in Sources */ = {isa = PBXBuildFile; fileRef = F5E30A5A2473A0A700C347D4 /* UILabel.swift */; };
		F5E30A702473A0A900C347D4 /* UIApplication.swift in Sources */ = {isa = PBXBuildFile; fileRef = F5E30A5B2473A0A800C347D4 /* UIApplication.swift */; };
		F5E30A712473A0A900C347D4 /* UIFont.swift in Sources */ = {isa = PBXBuildFile; fileRef = F5E30A5C2473A0A800C347D4 /* UIFont.swift */; };
		F5E30A722473A0A900C347D4 /* UISegmentedControl.swift in Sources */ = {isa = PBXBuildFile; fileRef = F5E30A5D2473A0A800C347D4 /* UISegmentedControl.swift */; };
		F5E30A732473A0A900C347D4 /* String.swift in Sources */ = {isa = PBXBuildFile; fileRef = F5E30A5E2473A0A800C347D4 /* String.swift */; };
		F5E30A742473A0A900C347D4 /* UITableViewCell.swift in Sources */ = {isa = PBXBuildFile; fileRef = F5E30A5F2473A0A800C347D4 /* UITableViewCell.swift */; };
		F5E30A762473A0A900C347D4 /* Numeric.swift in Sources */ = {isa = PBXBuildFile; fileRef = F5E30A612473A0A800C347D4 /* Numeric.swift */; };
		F5E30A772473A0A900C347D4 /* RectangularDashedView.swift in Sources */ = {isa = PBXBuildFile; fileRef = F5E30A622473A0A800C347D4 /* RectangularDashedView.swift */; };
		F5E30A792473A0A900C347D4 /* UIViewController.swift in Sources */ = {isa = PBXBuildFile; fileRef = F5E30A642473A0A800C347D4 /* UIViewController.swift */; };
		F5E30A7A2473A0A900C347D4 /* UIColor.swift in Sources */ = {isa = PBXBuildFile; fileRef = F5E30A652473A0A800C347D4 /* UIColor.swift */; };
		F5E30A7B2473A0A900C347D4 /* Formatter.swift in Sources */ = {isa = PBXBuildFile; fileRef = F5E30A662473A0A900C347D4 /* Formatter.swift */; };
		F5E30A7C2473A0A900C347D4 /* UICollectionViewCell.swift in Sources */ = {isa = PBXBuildFile; fileRef = F5E30A672473A0A900C347D4 /* UICollectionViewCell.swift */; };
		F5E30A7E2473A0A900C347D4 /* Date.swift in Sources */ = {isa = PBXBuildFile; fileRef = F5E30A692473A0A900C347D4 /* Date.swift */; };
		F5E30A7F2473A0A900C347D4 /* Collection.swift in Sources */ = {isa = PBXBuildFile; fileRef = F5E30A6A2473A0A900C347D4 /* Collection.swift */; };
		F5E30A832473A0DD00C347D4 /* ValueKeeper.swift in Sources */ = {isa = PBXBuildFile; fileRef = F5E30A812473A0DD00C347D4 /* ValueKeeper.swift */; };
		F5E30A842473A0DD00C347D4 /* Log.swift in Sources */ = {isa = PBXBuildFile; fileRef = F5E30A822473A0DD00C347D4 /* Log.swift */; };
		F5E30A892473A45200C347D4 /* StoryboardName.swift in Sources */ = {isa = PBXBuildFile; fileRef = F5E30A882473A45200C347D4 /* StoryboardName.swift */; };
		F5F8D65C249B5D5B0048AAA5 /* PrescriptItemTableViewCell.swift in Sources */ = {isa = PBXBuildFile; fileRef = F5F8D65B249B5D5B0048AAA5 /* PrescriptItemTableViewCell.swift */; };
		F5F8D65E249B5D6C0048AAA5 /* PrescriptTableViewCell.swift in Sources */ = {isa = PBXBuildFile; fileRef = F5F8D65D249B5D6C0048AAA5 /* PrescriptTableViewCell.swift */; };
		F5F8D660249B5ECC0048AAA5 /* PatientTableViewCell.swift in Sources */ = {isa = PBXBuildFile; fileRef = F5F8D65F249B5ECC0048AAA5 /* PatientTableViewCell.swift */; };
		F5F8D661249B63C90048AAA5 /* PatientViewController.swift in Sources */ = {isa = PBXBuildFile; fileRef = F57ADA842499DFFA000C6633 /* PatientViewController.swift */; };
		F5F8D663249B63F50048AAA5 /* PrescriptionsViewController.swift in Sources */ = {isa = PBXBuildFile; fileRef = F5F8D662249B63F50048AAA5 /* PrescriptionsViewController.swift */; };
		F5F8D665249B64010048AAA5 /* RequestsViewController.swift in Sources */ = {isa = PBXBuildFile; fileRef = F5F8D664249B64010048AAA5 /* RequestsViewController.swift */; };
		F5F8D667249B640F0048AAA5 /* ProfileViewController.swift in Sources */ = {isa = PBXBuildFile; fileRef = F5F8D666249B640F0048AAA5 /* ProfileViewController.swift */; };
		F5F8D669249B64230048AAA5 /* SendPrescriptionViewController.swift in Sources */ = {isa = PBXBuildFile; fileRef = F5F8D668249B64230048AAA5 /* SendPrescriptionViewController.swift */; };
		F5F8D66B249B644D0048AAA5 /* MedicalRecordsViewController.swift in Sources */ = {isa = PBXBuildFile; fileRef = F5F8D66A249B644D0048AAA5 /* MedicalRecordsViewController.swift */; };
/* End PBXBuildFile section */

/* Begin PBXCopyFilesBuildPhase section */
		F527601C248F2E99009BA731 /* Embed Frameworks */ = {
			isa = PBXCopyFilesBuildPhase;
			buildActionMask = 2147483647;
			dstPath = "";
			dstSubfolderSpec = 10;
			files = (
			);
			name = "Embed Frameworks";
			runOnlyForDeploymentPostprocessing = 0;
		};
/* End PBXCopyFilesBuildPhase section */

/* Begin PBXFileReference section */
		76D459465758ABA3AFCFE936 /* Pods-BlockHeal.release.xcconfig */ = {isa = PBXFileReference; includeInIndex = 1; lastKnownFileType = text.xcconfig; name = "Pods-BlockHeal.release.xcconfig"; path = "Target Support Files/Pods-BlockHeal/Pods-BlockHeal.release.xcconfig"; sourceTree = "<group>"; };
		9ED1B5AB936AB438E0CECD7A /* Pods-BlockHeal.debug.xcconfig */ = {isa = PBXFileReference; includeInIndex = 1; lastKnownFileType = text.xcconfig; name = "Pods-BlockHeal.debug.xcconfig"; path = "Target Support Files/Pods-BlockHeal/Pods-BlockHeal.debug.xcconfig"; sourceTree = "<group>"; };
		E2AD614EEA1C52B15A6BFAE1 /* Pods_BlockHeal.framework */ = {isa = PBXFileReference; explicitFileType = wrapper.framework; includeInIndex = 0; path = Pods_BlockHeal.framework; sourceTree = BUILT_PRODUCTS_DIR; };
		F51ACA75249C84AF00A6A5A5 /* MainViewController.swift */ = {isa = PBXFileReference; lastKnownFileType = sourcecode.swift; path = MainViewController.swift; sourceTree = "<group>"; };
		F51ACA77249C84B700A6A5A5 /* SplashViewController.swift */ = {isa = PBXFileReference; lastKnownFileType = sourcecode.swift; path = SplashViewController.swift; sourceTree = "<group>"; };
		F51ACA79249C87F200A6A5A5 /* PersonTypeTableViewCell.swift */ = {isa = PBXFileReference; lastKnownFileType = sourcecode.swift; path = PersonTypeTableViewCell.swift; sourceTree = "<group>"; };
		F51ACA7C249CABE800A6A5A5 /* TableHeaderView.swift */ = {isa = PBXFileReference; lastKnownFileType = sourcecode.swift; path = TableHeaderView.swift; sourceTree = "<group>"; };
		F51ACA7D249CABE800A6A5A5 /* tableHeaderView.xib */ = {isa = PBXFileReference; lastKnownFileType = file.xib; path = tableHeaderView.xib; sourceTree = "<group>"; };
		F51ACA83249CB49200A6A5A5 /* RequestTableViewCell.swift */ = {isa = PBXFileReference; lastKnownFileType = sourcecode.swift; path = RequestTableViewCell.swift; sourceTree = "<group>"; };
		F541E5532473249E00A0D6FE /* BlockHeal.app */ = {isa = PBXFileReference; explicitFileType = wrapper.application; includeInIndex = 0; path = BlockHeal.app; sourceTree = BUILT_PRODUCTS_DIR; };
		F541E5562473249E00A0D6FE /* AppDelegate.swift */ = {isa = PBXFileReference; lastKnownFileType = sourcecode.swift; path = AppDelegate.swift; sourceTree = "<group>"; };
		F541E5582473249E00A0D6FE /* SceneDelegate.swift */ = {isa = PBXFileReference; lastKnownFileType = sourcecode.swift; path = SceneDelegate.swift; sourceTree = "<group>"; };
		F541E55A2473249E00A0D6FE /* ViewController.swift */ = {isa = PBXFileReference; lastKnownFileType = sourcecode.swift; path = ViewController.swift; sourceTree = "<group>"; };
		F541E55D2473249E00A0D6FE /* Base */ = {isa = PBXFileReference; lastKnownFileType = file.storyboard; name = Base; path = Base.lproj/Main.storyboard; sourceTree = "<group>"; };
		F541E55F247324A000A0D6FE /* Assets.xcassets */ = {isa = PBXFileReference; lastKnownFileType = folder.assetcatalog; path = Assets.xcassets; sourceTree = "<group>"; };
		F541E562247324A000A0D6FE /* Base */ = {isa = PBXFileReference; lastKnownFileType = file.storyboard; name = Base; path = Base.lproj/LaunchScreen.storyboard; sourceTree = "<group>"; };
		F541E564247324A000A0D6FE /* Info.plist */ = {isa = PBXFileReference; lastKnownFileType = text.plist.xml; path = Info.plist; sourceTree = "<group>"; };
		F576565F24779E4F006321FC /* UserAction.storyboard */ = {isa = PBXFileReference; lastKnownFileType = file.storyboard; path = UserAction.storyboard; sourceTree = "<group>"; };
		F57ADA7E2499D9B2000C6633 /* Patient.storyboard */ = {isa = PBXFileReference; lastKnownFileType = file.storyboard; path = Patient.storyboard; sourceTree = "<group>"; };
		F57ADA842499DFFA000C6633 /* PatientViewController.swift */ = {isa = PBXFileReference; lastKnownFileType = sourcecode.swift; path = PatientViewController.swift; sourceTree = "<group>"; };
		F57ADA862499E01F000C6633 /* BaseViewController.swift */ = {isa = PBXFileReference; fileEncoding = 4; lastKnownFileType = sourcecode.swift; path = BaseViewController.swift; sourceTree = "<group>"; };
		F57ADA882499E14F000C6633 /* NetworkManager.swift */ = {isa = PBXFileReference; lastKnownFileType = sourcecode.swift; path = NetworkManager.swift; sourceTree = "<group>"; };
		F57ADA8A2499E246000C6633 /* StoringData.swift */ = {isa = PBXFileReference; lastKnownFileType = sourcecode.swift; path = StoringData.swift; sourceTree = "<group>"; };
		F5A18459248EAAB600286EA2 /* TransactionHelper.swift */ = {isa = PBXFileReference; lastKnownFileType = sourcecode.swift; path = TransactionHelper.swift; sourceTree = "<group>"; };
		F5A18472248EDDA600286EA2 /* Keychain.swift */ = {isa = PBXFileReference; lastKnownFileType = sourcecode.swift; path = Keychain.swift; sourceTree = "<group>"; };
		F5A3DCC52497A3520036515E /* payload.pb.swift */ = {isa = PBXFileReference; fileEncoding = 4; lastKnownFileType = sourcecode.swift; path = payload.pb.swift; sourceTree = "<group>"; };
		F5A3DCC82497B6B80036515E /* Transaction.swift */ = {isa = PBXFileReference; lastKnownFileType = sourcecode.swift; path = Transaction.swift; sourceTree = "<group>"; };
		F5A3DCD32497B83B0036515E /* batch.pb.swift */ = {isa = PBXFileReference; fileEncoding = 4; lastKnownFileType = sourcecode.swift; path = batch.pb.swift; sourceTree = "<group>"; };
		F5A3DCD42497B83B0036515E /* transaction.pb.swift */ = {isa = PBXFileReference; fileEncoding = 4; lastKnownFileType = sourcecode.swift; path = transaction.pb.swift; sourceTree = "<group>"; };
		F5A3DCF72497E3190036515E /* Context.swift */ = {isa = PBXFileReference; fileEncoding = 4; lastKnownFileType = sourcecode.swift; path = Context.swift; sourceTree = "<group>"; };
		F5A3DCF92497E31A0036515E /* Secp256k1PublicKey.swift */ = {isa = PBXFileReference; fileEncoding = 4; lastKnownFileType = sourcecode.swift; path = Secp256k1PublicKey.swift; sourceTree = "<group>"; };
		F5A3DCFA2497E31A0036515E /* PublicKey.swift */ = {isa = PBXFileReference; fileEncoding = 4; lastKnownFileType = sourcecode.swift; path = PublicKey.swift; sourceTree = "<group>"; };
		F5A3DCFB2497E31A0036515E /* Encoding.swift */ = {isa = PBXFileReference; fileEncoding = 4; lastKnownFileType = sourcecode.swift; path = Encoding.swift; sourceTree = "<group>"; };
		F5A3DCFC2497E31B0036515E /* Error.swift */ = {isa = PBXFileReference; fileEncoding = 4; lastKnownFileType = sourcecode.swift; path = Error.swift; sourceTree = "<group>"; };
		F5A3DCFD2497E31B0036515E /* Secp256k1Context.swift */ = {isa = PBXFileReference; fileEncoding = 4; lastKnownFileType = sourcecode.swift; path = Secp256k1Context.swift; sourceTree = "<group>"; };
		F5A3DCFE2497E31B0036515E /* PrivateKey.swift */ = {isa = PBXFileReference; fileEncoding = 4; lastKnownFileType = sourcecode.swift; path = PrivateKey.swift; sourceTree = "<group>"; };
		F5A3DCFF2497E31C0036515E /* Signer.swift */ = {isa = PBXFileReference; fileEncoding = 4; lastKnownFileType = sourcecode.swift; path = Signer.swift; sourceTree = "<group>"; };
		F5A3DD002497E31C0036515E /* CryptoFactory.swift */ = {isa = PBXFileReference; fileEncoding = 4; lastKnownFileType = sourcecode.swift; path = CryptoFactory.swift; sourceTree = "<group>"; };
		F5A3DD012497E31C0036515E /* Secp256k1PrivateKey.swift */ = {isa = PBXFileReference; fileEncoding = 4; lastKnownFileType = sourcecode.swift; path = Secp256k1PrivateKey.swift; sourceTree = "<group>"; };
		F5C864182494FDA400BAE28D /* drugstore.pb.swift */ = {isa = PBXFileReference; fileEncoding = 4; lastKnownFileType = sourcecode.swift; path = drugstore.pb.swift; sourceTree = "<group>"; };
		F5C864192494FDA400BAE28D /* doctor.pb.swift */ = {isa = PBXFileReference; fileEncoding = 4; lastKnownFileType = sourcecode.swift; path = doctor.pb.swift; sourceTree = "<group>"; };
		F5C8641A2494FDA400BAE28D /* patient.pb.swift */ = {isa = PBXFileReference; fileEncoding = 4; lastKnownFileType = sourcecode.swift; path = patient.pb.swift; sourceTree = "<group>"; };
		F5C864202494FDDC00BAE28D /* prescript.pb.swift */ = {isa = PBXFileReference; fileEncoding = 4; lastKnownFileType = sourcecode.swift; path = prescript.pb.swift; sourceTree = "<group>"; };
		F5CD4927249F161200DB155E /* LoginViewController.swift */ = {isa = PBXFileReference; lastKnownFileType = sourcecode.swift; path = LoginViewController.swift; sourceTree = "<group>"; };
		F5CD4929249F183100DB155E /* RegisterViewController.swift */ = {isa = PBXFileReference; lastKnownFileType = sourcecode.swift; path = RegisterViewController.swift; sourceTree = "<group>"; };
		F5E30A422473A03700C347D4 /* APIConfiguration.swift */ = {isa = PBXFileReference; fileEncoding = 4; lastKnownFileType = sourcecode.swift; path = APIConfiguration.swift; sourceTree = "<group>"; };
		F5E30A432473A03700C347D4 /* NetworkConstants.swift */ = {isa = PBXFileReference; fileEncoding = 4; lastKnownFileType = sourcecode.swift; path = NetworkConstants.swift; sourceTree = "<group>"; };
		F5E30A442473A03800C347D4 /* NetworkInterceptor.swift */ = {isa = PBXFileReference; fileEncoding = 4; lastKnownFileType = sourcecode.swift; path = NetworkInterceptor.swift; sourceTree = "<group>"; };
		F5E30A452473A03800C347D4 /* URLs.swift */ = {isa = PBXFileReference; fileEncoding = 4; lastKnownFileType = sourcecode.swift; path = URLs.swift; sourceTree = "<group>"; };
		F5E30A462473A03800C347D4 /* API.swift */ = {isa = PBXFileReference; fileEncoding = 4; lastKnownFileType = sourcecode.swift; path = API.swift; sourceTree = "<group>"; };
		F5E30A4D2473A08E00C347D4 /* DialogueHelper.swift */ = {isa = PBXFileReference; fileEncoding = 4; lastKnownFileType = sourcecode.swift; path = DialogueHelper.swift; sourceTree = "<group>"; };
		F5E30A4E2473A08E00C347D4 /* InteractionPanToClose.swift */ = {isa = PBXFileReference; fileEncoding = 4; lastKnownFileType = sourcecode.swift; path = InteractionPanToClose.swift; sourceTree = "<group>"; };
		F5E30A4F2473A08E00C347D4 /* UserDefaultsHelper.swift */ = {isa = PBXFileReference; fileEncoding = 4; lastKnownFileType = sourcecode.swift; path = UserDefaultsHelper.swift; sourceTree = "<group>"; };
		F5E30A502473A08E00C347D4 /* SegueHelper.swift */ = {isa = PBXFileReference; fileEncoding = 4; lastKnownFileType = sourcecode.swift; path = SegueHelper.swift; sourceTree = "<group>"; };
		F5E30A572473A0A700C347D4 /* UIView.swift */ = {isa = PBXFileReference; fileEncoding = 4; lastKnownFileType = sourcecode.swift; path = UIView.swift; sourceTree = "<group>"; };
		F5E30A582473A0A700C347D4 /* UIImage.swift */ = {isa = PBXFileReference; fileEncoding = 4; lastKnownFileType = sourcecode.swift; path = UIImage.swift; sourceTree = "<group>"; };
		F5E30A592473A0A700C347D4 /* UIButton.swift */ = {isa = PBXFileReference; fileEncoding = 4; lastKnownFileType = sourcecode.swift; path = UIButton.swift; sourceTree = "<group>"; };
		F5E30A5A2473A0A700C347D4 /* UILabel.swift */ = {isa = PBXFileReference; fileEncoding = 4; lastKnownFileType = sourcecode.swift; path = UILabel.swift; sourceTree = "<group>"; };
		F5E30A5B2473A0A800C347D4 /* UIApplication.swift */ = {isa = PBXFileReference; fileEncoding = 4; lastKnownFileType = sourcecode.swift; path = UIApplication.swift; sourceTree = "<group>"; };
		F5E30A5C2473A0A800C347D4 /* UIFont.swift */ = {isa = PBXFileReference; fileEncoding = 4; lastKnownFileType = sourcecode.swift; path = UIFont.swift; sourceTree = "<group>"; };
		F5E30A5D2473A0A800C347D4 /* UISegmentedControl.swift */ = {isa = PBXFileReference; fileEncoding = 4; lastKnownFileType = sourcecode.swift; path = UISegmentedControl.swift; sourceTree = "<group>"; };
		F5E30A5E2473A0A800C347D4 /* String.swift */ = {isa = PBXFileReference; fileEncoding = 4; lastKnownFileType = sourcecode.swift; path = String.swift; sourceTree = "<group>"; };
		F5E30A5F2473A0A800C347D4 /* UITableViewCell.swift */ = {isa = PBXFileReference; fileEncoding = 4; lastKnownFileType = sourcecode.swift; path = UITableViewCell.swift; sourceTree = "<group>"; };
		F5E30A612473A0A800C347D4 /* Numeric.swift */ = {isa = PBXFileReference; fileEncoding = 4; lastKnownFileType = sourcecode.swift; path = Numeric.swift; sourceTree = "<group>"; };
		F5E30A622473A0A800C347D4 /* RectangularDashedView.swift */ = {isa = PBXFileReference; fileEncoding = 4; lastKnownFileType = sourcecode.swift; path = RectangularDashedView.swift; sourceTree = "<group>"; };
		F5E30A642473A0A800C347D4 /* UIViewController.swift */ = {isa = PBXFileReference; fileEncoding = 4; lastKnownFileType = sourcecode.swift; path = UIViewController.swift; sourceTree = "<group>"; };
		F5E30A652473A0A800C347D4 /* UIColor.swift */ = {isa = PBXFileReference; fileEncoding = 4; lastKnownFileType = sourcecode.swift; path = UIColor.swift; sourceTree = "<group>"; };
		F5E30A662473A0A900C347D4 /* Formatter.swift */ = {isa = PBXFileReference; fileEncoding = 4; lastKnownFileType = sourcecode.swift; path = Formatter.swift; sourceTree = "<group>"; };
		F5E30A672473A0A900C347D4 /* UICollectionViewCell.swift */ = {isa = PBXFileReference; fileEncoding = 4; lastKnownFileType = sourcecode.swift; path = UICollectionViewCell.swift; sourceTree = "<group>"; };
		F5E30A692473A0A900C347D4 /* Date.swift */ = {isa = PBXFileReference; fileEncoding = 4; lastKnownFileType = sourcecode.swift; path = Date.swift; sourceTree = "<group>"; };
		F5E30A6A2473A0A900C347D4 /* Collection.swift */ = {isa = PBXFileReference; fileEncoding = 4; lastKnownFileType = sourcecode.swift; path = Collection.swift; sourceTree = "<group>"; };
		F5E30A812473A0DD00C347D4 /* ValueKeeper.swift */ = {isa = PBXFileReference; fileEncoding = 4; lastKnownFileType = sourcecode.swift; path = ValueKeeper.swift; sourceTree = "<group>"; };
		F5E30A822473A0DD00C347D4 /* Log.swift */ = {isa = PBXFileReference; fileEncoding = 4; lastKnownFileType = sourcecode.swift; path = Log.swift; sourceTree = "<group>"; };
		F5E30A882473A45200C347D4 /* StoryboardName.swift */ = {isa = PBXFileReference; fileEncoding = 4; lastKnownFileType = sourcecode.swift; path = StoryboardName.swift; sourceTree = "<group>"; };
		F5F8D65B249B5D5B0048AAA5 /* PrescriptItemTableViewCell.swift */ = {isa = PBXFileReference; lastKnownFileType = sourcecode.swift; path = PrescriptItemTableViewCell.swift; sourceTree = "<group>"; };
		F5F8D65D249B5D6C0048AAA5 /* PrescriptTableViewCell.swift */ = {isa = PBXFileReference; lastKnownFileType = sourcecode.swift; path = PrescriptTableViewCell.swift; sourceTree = "<group>"; };
		F5F8D65F249B5ECC0048AAA5 /* PatientTableViewCell.swift */ = {isa = PBXFileReference; lastKnownFileType = sourcecode.swift; path = PatientTableViewCell.swift; sourceTree = "<group>"; };
		F5F8D662249B63F50048AAA5 /* PrescriptionsViewController.swift */ = {isa = PBXFileReference; lastKnownFileType = sourcecode.swift; path = PrescriptionsViewController.swift; sourceTree = "<group>"; };
		F5F8D664249B64010048AAA5 /* RequestsViewController.swift */ = {isa = PBXFileReference; lastKnownFileType = sourcecode.swift; path = RequestsViewController.swift; sourceTree = "<group>"; };
		F5F8D666249B640F0048AAA5 /* ProfileViewController.swift */ = {isa = PBXFileReference; lastKnownFileType = sourcecode.swift; path = ProfileViewController.swift; sourceTree = "<group>"; };
		F5F8D668249B64230048AAA5 /* SendPrescriptionViewController.swift */ = {isa = PBXFileReference; lastKnownFileType = sourcecode.swift; path = SendPrescriptionViewController.swift; sourceTree = "<group>"; };
		F5F8D66A249B644D0048AAA5 /* MedicalRecordsViewController.swift */ = {isa = PBXFileReference; lastKnownFileType = sourcecode.swift; path = MedicalRecordsViewController.swift; sourceTree = "<group>"; };
/* End PBXFileReference section */

/* Begin PBXFrameworksBuildPhase section */
		F541E5502473249E00A0D6FE /* Frameworks */ = {
			isa = PBXFrameworksBuildPhase;
			buildActionMask = 2147483647;
			files = (
				ABEA160FED507C1DA0325CF5 /* Pods_BlockHeal.framework in Frameworks */,
			);
			runOnlyForDeploymentPostprocessing = 0;
		};
/* End PBXFrameworksBuildPhase section */

/* Begin PBXGroup section */
		16AC1358D5AAF396E4ADF878 /* Frameworks */ = {
			isa = PBXGroup;
			children = (
				E2AD614EEA1C52B15A6BFAE1 /* Pods_BlockHeal.framework */,
			);
			name = Frameworks;
			sourceTree = "<group>";
		};
		291074E611848750CE15A351 /* Pods */ = {
			isa = PBXGroup;
			children = (
				9ED1B5AB936AB438E0CECD7A /* Pods-BlockHeal.debug.xcconfig */,
				76D459465758ABA3AFCFE936 /* Pods-BlockHeal.release.xcconfig */,
			);
			path = Pods;
			sourceTree = "<group>";
		};
		F51ACA7B249CABB000A6A5A5 /* Custom Views */ = {
			isa = PBXGroup;
			children = (
				F51ACA80249CABF200A6A5A5 /* Table Header View */,
			);
			path = "Custom Views";
			sourceTree = "<group>";
		};
		F51ACA80249CABF200A6A5A5 /* Table Header View */ = {
			isa = PBXGroup;
			children = (
				F51ACA7C249CABE800A6A5A5 /* TableHeaderView.swift */,
				F51ACA7D249CABE800A6A5A5 /* tableHeaderView.xib */,
			);
			path = "Table Header View";
			sourceTree = "<group>";
		};
		F541E54A2473249E00A0D6FE = {
			isa = PBXGroup;
			children = (
				F541E5552473249E00A0D6FE /* BlockHeal */,
				F541E5542473249E00A0D6FE /* Products */,
				291074E611848750CE15A351 /* Pods */,
				16AC1358D5AAF396E4ADF878 /* Frameworks */,
			);
			sourceTree = "<group>";
		};
		F541E5542473249E00A0D6FE /* Products */ = {
			isa = PBXGroup;
			children = (
				F541E5532473249E00A0D6FE /* BlockHeal.app */,
			);
			name = Products;
			sourceTree = "<group>";
		};
		F541E5552473249E00A0D6FE /* BlockHeal */ = {
			isa = PBXGroup;
			children = (
				F5A3DCF62497E30B0036515E /* Swatooth */,
				F5E30A8A2473A65E00C347D4 /* Model */,
				F5E30A852473A0E300C347D4 /* Tools */,
				F51ACA7B249CABB000A6A5A5 /* Custom Views */,
				F5F8D65A249B5D320048AAA5 /* Cells */,
				F5E30A4C2473A04300C347D4 /* Network */,
				F541E5582473249E00A0D6FE /* SceneDelegate.swift */,
				F5E30A862473A3F400C347D4 /* ViewControllers */,
				F5E30A872473A40100C347D4 /* StoryBoards */,
				F541E5562473249E00A0D6FE /* AppDelegate.swift */,
				F541E55F247324A000A0D6FE /* Assets.xcassets */,
				F541E564247324A000A0D6FE /* Info.plist */,
			);
			path = BlockHeal;
			sourceTree = "<group>";
		};
		F57ADA802499DF63000C6633 /* Patient */ = {
			isa = PBXGroup;
			children = (
				F57ADA842499DFFA000C6633 /* PatientViewController.swift */,
				F5F8D666249B640F0048AAA5 /* ProfileViewController.swift */,
				F5F8D66A249B644D0048AAA5 /* MedicalRecordsViewController.swift */,
				F5F8D664249B64010048AAA5 /* RequestsViewController.swift */,
				F5F8D662249B63F50048AAA5 /* PrescriptionsViewController.swift */,
				F5F8D668249B64230048AAA5 /* SendPrescriptionViewController.swift */,
			);
			path = Patient;
			sourceTree = "<group>";
		};
		F57ADA822499DF71000C6633 /* Login & Register */ = {
			isa = PBXGroup;
			children = (
				F5CD4927249F161200DB155E /* LoginViewController.swift */,
				F5CD4929249F183100DB155E /* RegisterViewController.swift */,
			);
			path = "Login & Register";
			sourceTree = "<group>";
		};
		F57ADA832499DF77000C6633 /* Doctor */ = {
			isa = PBXGroup;
			children = (
			);
			path = Doctor;
			sourceTree = "<group>";
		};
		F5A3DCCA2497B6BF0036515E /* Network */ = {
			isa = PBXGroup;
			children = (
				F5A3DCC82497B6B80036515E /* Transaction.swift */,
			);
			path = Network;
			sourceTree = "<group>";
		};
		F5A3DCF62497E30B0036515E /* Swatooth */ = {
			isa = PBXGroup;
			children = (
				F5A3DCF72497E3190036515E /* Context.swift */,
				F5A3DD002497E31C0036515E /* CryptoFactory.swift */,
				F5A3DCFB2497E31A0036515E /* Encoding.swift */,
				F5A3DCFC2497E31B0036515E /* Error.swift */,
				F5A3DCFE2497E31B0036515E /* PrivateKey.swift */,
				F5A3DCFA2497E31A0036515E /* PublicKey.swift */,
				F5A3DCFD2497E31B0036515E /* Secp256k1Context.swift */,
				F5A3DD012497E31C0036515E /* Secp256k1PrivateKey.swift */,
				F5A3DCF92497E31A0036515E /* Secp256k1PublicKey.swift */,
				F5A3DCFF2497E31C0036515E /* Signer.swift */,
			);
			path = Swatooth;
			sourceTree = "<group>";
		};
		F5E30A4C2473A04300C347D4 /* Network */ = {
			isa = PBXGroup;
			children = (
				F5E30A462473A03800C347D4 /* API.swift */,
				F5E30A422473A03700C347D4 /* APIConfiguration.swift */,
				F5E30A432473A03700C347D4 /* NetworkConstants.swift */,
				F5E30A442473A03800C347D4 /* NetworkInterceptor.swift */,
				F5E30A452473A03800C347D4 /* URLs.swift */,
			);
			path = Network;
			sourceTree = "<group>";
		};
		F5E30A552473A09500C347D4 /* Helper */ = {
			isa = PBXGroup;
			children = (
				F5E30A4D2473A08E00C347D4 /* DialogueHelper.swift */,
				F5E30A4E2473A08E00C347D4 /* InteractionPanToClose.swift */,
				F5E30A502473A08E00C347D4 /* SegueHelper.swift */,
				F5E30A4F2473A08E00C347D4 /* UserDefaultsHelper.swift */,
				F5A18459248EAAB600286EA2 /* TransactionHelper.swift */,
			);
			path = Helper;
			sourceTree = "<group>";
		};
		F5E30A802473A0B500C347D4 /* Extensions */ = {
			isa = PBXGroup;
			children = (
				F5E30A6A2473A0A900C347D4 /* Collection.swift */,
				F5E30A692473A0A900C347D4 /* Date.swift */,
				F5E30A662473A0A900C347D4 /* Formatter.swift */,
				F5E30A612473A0A800C347D4 /* Numeric.swift */,
				F5E30A622473A0A800C347D4 /* RectangularDashedView.swift */,
				F5E30A5E2473A0A800C347D4 /* String.swift */,
				F5E30A5B2473A0A800C347D4 /* UIApplication.swift */,
				F5E30A592473A0A700C347D4 /* UIButton.swift */,
				F5E30A672473A0A900C347D4 /* UICollectionViewCell.swift */,
				F5E30A652473A0A800C347D4 /* UIColor.swift */,
				F5E30A5C2473A0A800C347D4 /* UIFont.swift */,
				F5E30A582473A0A700C347D4 /* UIImage.swift */,
				F5E30A5A2473A0A700C347D4 /* UILabel.swift */,
				F5E30A5D2473A0A800C347D4 /* UISegmentedControl.swift */,
				F5E30A5F2473A0A800C347D4 /* UITableViewCell.swift */,
				F5E30A572473A0A700C347D4 /* UIView.swift */,
				F5E30A642473A0A800C347D4 /* UIViewController.swift */,
			);
			path = Extensions;
			sourceTree = "<group>";
		};
		F5E30A852473A0E300C347D4 /* Tools */ = {
			isa = PBXGroup;
			children = (
				F57ADA862499E01F000C6633 /* BaseViewController.swift */,
				F57ADA882499E14F000C6633 /* NetworkManager.swift */,
				F57ADA8A2499E246000C6633 /* StoringData.swift */,
				F5E30A552473A09500C347D4 /* Helper */,
				F5E30A822473A0DD00C347D4 /* Log.swift */,
				F5E30A882473A45200C347D4 /* StoryboardName.swift */,
				F5A18472248EDDA600286EA2 /* Keychain.swift */,
				F5E30A812473A0DD00C347D4 /* ValueKeeper.swift */,
				F5E30A802473A0B500C347D4 /* Extensions */,
			);
			path = Tools;
			sourceTree = "<group>";
		};
		F5E30A862473A3F400C347D4 /* ViewControllers */ = {
			isa = PBXGroup;
			children = (
				F541E55A2473249E00A0D6FE /* ViewController.swift */,
				F51ACA77249C84B700A6A5A5 /* SplashViewController.swift */,
				F51ACA75249C84AF00A6A5A5 /* MainViewController.swift */,
				F57ADA822499DF71000C6633 /* Login & Register */,
				F57ADA832499DF77000C6633 /* Doctor */,
				F57ADA802499DF63000C6633 /* Patient */,
			);
			path = ViewControllers;
			sourceTree = "<group>";
		};
		F5E30A872473A40100C347D4 /* StoryBoards */ = {
			isa = PBXGroup;
			children = (
				F541E561247324A000A0D6FE /* LaunchScreen.storyboard */,
				F541E55C2473249E00A0D6FE /* Main.storyboard */,
				F576565F24779E4F006321FC /* UserAction.storyboard */,
				F57ADA7E2499D9B2000C6633 /* Patient.storyboard */,
			);
			path = StoryBoards;
			sourceTree = "<group>";
		};
		F5E30A8A2473A65E00C347D4 /* Model */ = {
			isa = PBXGroup;
			children = (
				F5A3DCD32497B83B0036515E /* batch.pb.swift */,
				F5A3DCD42497B83B0036515E /* transaction.pb.swift */,
				F5E30A8B2473A66900C347D4 /* Protos */,
				F5A3DCCA2497B6BF0036515E /* Network */,
			);
			path = Model;
			sourceTree = "<group>";
		};
		F5E30A8B2473A66900C347D4 /* Protos */ = {
			isa = PBXGroup;
			children = (
				F5C864192494FDA400BAE28D /* doctor.pb.swift */,
				F5C864182494FDA400BAE28D /* drugstore.pb.swift */,
				F5C864202494FDDC00BAE28D /* prescript.pb.swift */,
				F5C8641A2494FDA400BAE28D /* patient.pb.swift */,
				F5A3DCC52497A3520036515E /* payload.pb.swift */,
			);
			path = Protos;
			sourceTree = "<group>";
		};
		F5F8D65A249B5D320048AAA5 /* Cells */ = {
			isa = PBXGroup;
			children = (
				F5F8D65B249B5D5B0048AAA5 /* PrescriptItemTableViewCell.swift */,
				F5F8D65D249B5D6C0048AAA5 /* PrescriptTableViewCell.swift */,
				F5F8D65F249B5ECC0048AAA5 /* PatientTableViewCell.swift */,
				F51ACA79249C87F200A6A5A5 /* PersonTypeTableViewCell.swift */,
				F51ACA83249CB49200A6A5A5 /* RequestTableViewCell.swift */,
			);
			path = Cells;
			sourceTree = "<group>";
		};
/* End PBXGroup section */

/* Begin PBXNativeTarget section */
		F541E5522473249E00A0D6FE /* BlockHeal */ = {
			isa = PBXNativeTarget;
			buildConfigurationList = F541E567247324A000A0D6FE /* Build configuration list for PBXNativeTarget "BlockHeal" */;
			buildPhases = (
				5C4795043311E65D5133758E /* [CP] Check Pods Manifest.lock */,
				F541E54F2473249E00A0D6FE /* Sources */,
				F541E5502473249E00A0D6FE /* Frameworks */,
				F541E5512473249E00A0D6FE /* Resources */,
				6AEDE3A2340EC5B4D7AE4FD9 /* [CP] Embed Pods Frameworks */,
				F527601C248F2E99009BA731 /* Embed Frameworks */,
				F5A3DCD92497DA8E0036515E /* ShellScript */,
			);
			buildRules = (
			);
			dependencies = (
			);
			name = BlockHeal;
			productName = BlockHeal;
			productReference = F541E5532473249E00A0D6FE /* BlockHeal.app */;
			productType = "com.apple.product-type.application";
		};
/* End PBXNativeTarget section */

/* Begin PBXProject section */
		F541E54B2473249E00A0D6FE /* Project object */ = {
			isa = PBXProject;
			attributes = {
				LastSwiftUpdateCheck = 1140;
				LastUpgradeCheck = 1200;
				ORGANIZATIONNAME = Alireza;
				TargetAttributes = {
					F541E5522473249E00A0D6FE = {
						CreatedOnToolsVersion = 11.4;
					};
				};
			};
			buildConfigurationList = F541E54E2473249E00A0D6FE /* Build configuration list for PBXProject "BlockHeal" */;
			compatibilityVersion = "Xcode 9.3";
			developmentRegion = en;
			hasScannedForEncodings = 0;
			knownRegions = (
				en,
				Base,
			);
			mainGroup = F541E54A2473249E00A0D6FE;
			productRefGroup = F541E5542473249E00A0D6FE /* Products */;
			projectDirPath = "";
			projectRoot = "";
			targets = (
				F541E5522473249E00A0D6FE /* BlockHeal */,
			);
		};
/* End PBXProject section */

/* Begin PBXResourcesBuildPhase section */
		F541E5512473249E00A0D6FE /* Resources */ = {
			isa = PBXResourcesBuildPhase;
			buildActionMask = 2147483647;
			files = (
				F51ACA85249CBF1300A6A5A5 /* tableHeaderView.xib in Resources */,
				F541E563247324A000A0D6FE /* LaunchScreen.storyboard in Resources */,
				F57ADA7F2499D9B2000C6633 /* Patient.storyboard in Resources */,
				F576566024779E4F006321FC /* UserAction.storyboard in Resources */,
				F541E560247324A000A0D6FE /* Assets.xcassets in Resources */,
				F541E55E2473249E00A0D6FE /* Main.storyboard in Resources */,
			);
			runOnlyForDeploymentPostprocessing = 0;
		};
/* End PBXResourcesBuildPhase section */

/* Begin PBXShellScriptBuildPhase section */
		5C4795043311E65D5133758E /* [CP] Check Pods Manifest.lock */ = {
			isa = PBXShellScriptBuildPhase;
			buildActionMask = 2147483647;
			files = (
			);
			inputFileListPaths = (
			);
			inputPaths = (
				"${PODS_PODFILE_DIR_PATH}/Podfile.lock",
				"${PODS_ROOT}/Manifest.lock",
			);
			name = "[CP] Check Pods Manifest.lock";
			outputFileListPaths = (
			);
			outputPaths = (
				"$(DERIVED_FILE_DIR)/Pods-BlockHeal-checkManifestLockResult.txt",
			);
			runOnlyForDeploymentPostprocessing = 0;
			shellPath = /bin/sh;
			shellScript = "diff \"${PODS_PODFILE_DIR_PATH}/Podfile.lock\" \"${PODS_ROOT}/Manifest.lock\" > /dev/null\nif [ $? != 0 ] ; then\n    # print error to STDERR\n    echo \"error: The sandbox is not in sync with the Podfile.lock. Run 'pod install' or update your CocoaPods installation.\" >&2\n    exit 1\nfi\n# This output is used by Xcode 'outputs' to avoid re-running this script phase.\necho \"SUCCESS\" > \"${SCRIPT_OUTPUT_FILE_0}\"\n";
			showEnvVarsInLog = 0;
		};
		6AEDE3A2340EC5B4D7AE4FD9 /* [CP] Embed Pods Frameworks */ = {
			isa = PBXShellScriptBuildPhase;
			buildActionMask = 2147483647;
			files = (
			);
			inputFileListPaths = (
				"${PODS_ROOT}/Target Support Files/Pods-BlockHeal/Pods-BlockHeal-frameworks-${CONFIGURATION}-input-files.xcfilelist",
			);
			name = "[CP] Embed Pods Frameworks";
			outputFileListPaths = (
				"${PODS_ROOT}/Target Support Files/Pods-BlockHeal/Pods-BlockHeal-frameworks-${CONFIGURATION}-output-files.xcfilelist",
			);
			runOnlyForDeploymentPostprocessing = 0;
			shellPath = /bin/sh;
			shellScript = "\"${PODS_ROOT}/Target Support Files/Pods-BlockHeal/Pods-BlockHeal-frameworks.sh\"\n";
			showEnvVarsInLog = 0;
		};
		F5A3DCD92497DA8E0036515E /* ShellScript */ = {
			isa = PBXShellScriptBuildPhase;
			buildActionMask = 2147483647;
			files = (
			);
			inputFileListPaths = (
			);
			inputPaths = (
				"$(SRCROOT)/Carthage/Build/iOS/CommonCrypto.framework",
				"$(SRCROOT)/Carthage/Build/iOS/SawtoothSigning.framework",
				"$(SRCROOT)/Carthage/Build/iOS/secp256k1.framework",
			);
			outputFileListPaths = (
			);
			outputPaths = (
			);
			runOnlyForDeploymentPostprocessing = 0;
			shellPath = /bin/sh;
			shellScript = "# Type a script or drag a script file from your workspace to insert its path.\n";
		};
/* End PBXShellScriptBuildPhase section */

/* Begin PBXSourcesBuildPhase section */
		F541E54F2473249E00A0D6FE /* Sources */ = {
			isa = PBXSourcesBuildPhase;
			buildActionMask = 2147483647;
			files = (
				F51ACA81249CAE1D00A6A5A5 /* TableHeaderView.swift in Sources */,
				F5CD492A249F183100DB155E /* RegisterViewController.swift in Sources */,
				F5F8D661249B63C90048AAA5 /* PatientViewController.swift in Sources */,
				F52CCF23248F13A400DE07DE /* TransactionHelper.swift in Sources */,
				F5C8641D2494FDA400BAE28D /* doctor.pb.swift in Sources */,
				F5E30A702473A0A900C347D4 /* UIApplication.swift in Sources */,
				F5A3DCD62497B83B0036515E /* transaction.pb.swift in Sources */,
				F5E30A7A2473A0A900C347D4 /* UIColor.swift in Sources */,
				F57ADA872499E01F000C6633 /* BaseViewController.swift in Sources */,
				F5E30A7C2473A0A900C347D4 /* UICollectionViewCell.swift in Sources */,
				F5A3DD0A2497E31D0036515E /* PrivateKey.swift in Sources */,
				F5E30A7E2473A0A900C347D4 /* Date.swift in Sources */,
				F5E30A6F2473A0A900C347D4 /* UILabel.swift in Sources */,
				F5A3DCC62497A3520036515E /* payload.pb.swift in Sources */,
				F5F8D667249B640F0048AAA5 /* ProfileViewController.swift in Sources */,
				F5E30A792473A0A900C347D4 /* UIViewController.swift in Sources */,
				F51ACA76249C84AF00A6A5A5 /* MainViewController.swift in Sources */,
				F541E55B2473249E00A0D6FE /* ViewController.swift in Sources */,
				F541E5572473249E00A0D6FE /* AppDelegate.swift in Sources */,
				F5E30A742473A0A900C347D4 /* UITableViewCell.swift in Sources */,
				F51ACA7A249C87F200A6A5A5 /* PersonTypeTableViewCell.swift in Sources */,
				F5E30A6E2473A0A900C347D4 /* UIButton.swift in Sources */,
				F5A18473248EDDA600286EA2 /* Keychain.swift in Sources */,
				F5A3DCC92497B6B80036515E /* Transaction.swift in Sources */,
				F51ACA78249C84B700A6A5A5 /* SplashViewController.swift in Sources */,
				F5E30A522473A08E00C347D4 /* InteractionPanToClose.swift in Sources */,
				F5F8D669249B64230048AAA5 /* SendPrescriptionViewController.swift in Sources */,
				F5F8D660249B5ECC0048AAA5 /* PatientTableViewCell.swift in Sources */,
				F5E30A7B2473A0A900C347D4 /* Formatter.swift in Sources */,
				F5CD4928249F161200DB155E /* LoginViewController.swift in Sources */,
				F5E30A492473A03800C347D4 /* NetworkInterceptor.swift in Sources */,
				F5E30A4A2473A03800C347D4 /* URLs.swift in Sources */,
				F5E30A6D2473A0A900C347D4 /* UIImage.swift in Sources */,
				F5E30A7F2473A0A900C347D4 /* Collection.swift in Sources */,
				F5E30A712473A0A900C347D4 /* UIFont.swift in Sources */,
				F5E30A482473A03800C347D4 /* NetworkConstants.swift in Sources */,
				F541E5592473249E00A0D6FE /* SceneDelegate.swift in Sources */,
				F5F8D65E249B5D6C0048AAA5 /* PrescriptTableViewCell.swift in Sources */,
				F57ADA8B2499E246000C6633 /* StoringData.swift in Sources */,
				F5A3DD062497E31D0036515E /* PublicKey.swift in Sources */,
				F5A3DD092497E31D0036515E /* Secp256k1Context.swift in Sources */,
				F5A3DD0D2497E31D0036515E /* Secp256k1PrivateKey.swift in Sources */,
				F5A3DD0C2497E31D0036515E /* CryptoFactory.swift in Sources */,
				F5E30A842473A0DD00C347D4 /* Log.swift in Sources */,
				F5E30A532473A08E00C347D4 /* UserDefaultsHelper.swift in Sources */,
				F51ACA84249CB49200A6A5A5 /* RequestTableViewCell.swift in Sources */,
				F5A3DD032497E31D0036515E /* Context.swift in Sources */,
				F5E30A512473A08E00C347D4 /* DialogueHelper.swift in Sources */,
				F5A3DD072497E31D0036515E /* Encoding.swift in Sources */,
				F5F8D663249B63F50048AAA5 /* PrescriptionsViewController.swift in Sources */,
				F57ADA892499E14F000C6633 /* NetworkManager.swift in Sources */,
				F5E30A6C2473A0A900C347D4 /* UIView.swift in Sources */,
				F5E30A542473A08E00C347D4 /* SegueHelper.swift in Sources */,
				F5E30A772473A0A900C347D4 /* RectangularDashedView.swift in Sources */,
				F5E30A892473A45200C347D4 /* StoryboardName.swift in Sources */,
				F5E30A762473A0A900C347D4 /* Numeric.swift in Sources */,
				F5F8D66B249B644D0048AAA5 /* MedicalRecordsViewController.swift in Sources */,
				F5F8D665249B64010048AAA5 /* RequestsViewController.swift in Sources */,
				F5A3DD082497E31D0036515E /* Error.swift in Sources */,
				F5A3DCD52497B83B0036515E /* batch.pb.swift in Sources */,
				F5E30A832473A0DD00C347D4 /* ValueKeeper.swift in Sources */,
				F5E30A4B2473A03800C347D4 /* API.swift in Sources */,
				F5E30A732473A0A900C347D4 /* String.swift in Sources */,
				F5C864212494FDDC00BAE28D /* prescript.pb.swift in Sources */,
				F5E30A722473A0A900C347D4 /* UISegmentedControl.swift in Sources */,
				F5A3DD0B2497E31D0036515E /* Signer.swift in Sources */,
				F5F8D65C249B5D5B0048AAA5 /* PrescriptItemTableViewCell.swift in Sources */,
				F5C8641C2494FDA400BAE28D /* drugstore.pb.swift in Sources */,
				F5C8641E2494FDA400BAE28D /* patient.pb.swift in Sources */,
				F5E30A472473A03800C347D4 /* APIConfiguration.swift in Sources */,
				F5A3DD052497E31D0036515E /* Secp256k1PublicKey.swift in Sources */,
			);
			runOnlyForDeploymentPostprocessing = 0;
		};
/* End PBXSourcesBuildPhase section */

/* Begin PBXVariantGroup section */
		F541E55C2473249E00A0D6FE /* Main.storyboard */ = {
			isa = PBXVariantGroup;
			children = (
				F541E55D2473249E00A0D6FE /* Base */,
			);
			name = Main.storyboard;
			sourceTree = "<group>";
		};
		F541E561247324A000A0D6FE /* LaunchScreen.storyboard */ = {
			isa = PBXVariantGroup;
			children = (
				F541E562247324A000A0D6FE /* Base */,
			);
			name = LaunchScreen.storyboard;
			sourceTree = "<group>";
		};
/* End PBXVariantGroup section */

/* Begin XCBuildConfiguration section */
		F541E565247324A000A0D6FE /* Debug */ = {
			isa = XCBuildConfiguration;
			buildSettings = {
				ALWAYS_SEARCH_USER_PATHS = NO;
				CLANG_ANALYZER_NONNULL = YES;
				CLANG_ANALYZER_NUMBER_OBJECT_CONVERSION = YES_AGGRESSIVE;
				CLANG_CXX_LANGUAGE_STANDARD = "gnu++14";
				CLANG_CXX_LIBRARY = "libc++";
				CLANG_ENABLE_MODULES = YES;
				CLANG_ENABLE_OBJC_ARC = YES;
				CLANG_ENABLE_OBJC_WEAK = YES;
				CLANG_WARN_BLOCK_CAPTURE_AUTORELEASING = YES;
				CLANG_WARN_BOOL_CONVERSION = YES;
				CLANG_WARN_COMMA = YES;
				CLANG_WARN_CONSTANT_CONVERSION = YES;
				CLANG_WARN_DEPRECATED_OBJC_IMPLEMENTATIONS = YES;
				CLANG_WARN_DIRECT_OBJC_ISA_USAGE = YES_ERROR;
				CLANG_WARN_DOCUMENTATION_COMMENTS = YES;
				CLANG_WARN_EMPTY_BODY = YES;
				CLANG_WARN_ENUM_CONVERSION = YES;
				CLANG_WARN_INFINITE_RECURSION = YES;
				CLANG_WARN_INT_CONVERSION = YES;
				CLANG_WARN_NON_LITERAL_NULL_CONVERSION = YES;
				CLANG_WARN_OBJC_IMPLICIT_RETAIN_SELF = YES;
				CLANG_WARN_OBJC_LITERAL_CONVERSION = YES;
				CLANG_WARN_OBJC_ROOT_CLASS = YES_ERROR;
				CLANG_WARN_QUOTED_INCLUDE_IN_FRAMEWORK_HEADER = YES;
				CLANG_WARN_RANGE_LOOP_ANALYSIS = YES;
				CLANG_WARN_STRICT_PROTOTYPES = YES;
				CLANG_WARN_SUSPICIOUS_MOVE = YES;
				CLANG_WARN_UNGUARDED_AVAILABILITY = YES_AGGRESSIVE;
				CLANG_WARN_UNREACHABLE_CODE = YES;
				CLANG_WARN__DUPLICATE_METHOD_MATCH = YES;
				COPY_PHASE_STRIP = NO;
				DEBUG_INFORMATION_FORMAT = dwarf;
				ENABLE_STRICT_OBJC_MSGSEND = YES;
				ENABLE_TESTABILITY = YES;
				GCC_C_LANGUAGE_STANDARD = gnu11;
				GCC_DYNAMIC_NO_PIC = NO;
				GCC_NO_COMMON_BLOCKS = YES;
				GCC_OPTIMIZATION_LEVEL = 0;
				GCC_PREPROCESSOR_DEFINITIONS = (
					"DEBUG=1",
					"$(inherited)",
				);
				GCC_WARN_64_TO_32_BIT_CONVERSION = YES;
				GCC_WARN_ABOUT_RETURN_TYPE = YES_ERROR;
				GCC_WARN_UNDECLARED_SELECTOR = YES;
				GCC_WARN_UNINITIALIZED_AUTOS = YES_AGGRESSIVE;
				GCC_WARN_UNUSED_FUNCTION = YES;
				GCC_WARN_UNUSED_VARIABLE = YES;
				IPHONEOS_DEPLOYMENT_TARGET = 11;
				MTL_ENABLE_DEBUG_INFO = INCLUDE_SOURCE;
				MTL_FAST_MATH = YES;
				ONLY_ACTIVE_ARCH = YES;
				SDKROOT = iphoneos;
				SWIFT_ACTIVE_COMPILATION_CONDITIONS = DEBUG;
				SWIFT_OPTIMIZATION_LEVEL = "-Onone";
			};
			name = Debug;
		};
		F541E566247324A000A0D6FE /* Release */ = {
			isa = XCBuildConfiguration;
			buildSettings = {
				ALWAYS_SEARCH_USER_PATHS = NO;
				CLANG_ANALYZER_NONNULL = YES;
				CLANG_ANALYZER_NUMBER_OBJECT_CONVERSION = YES_AGGRESSIVE;
				CLANG_CXX_LANGUAGE_STANDARD = "gnu++14";
				CLANG_CXX_LIBRARY = "libc++";
				CLANG_ENABLE_MODULES = YES;
				CLANG_ENABLE_OBJC_ARC = YES;
				CLANG_ENABLE_OBJC_WEAK = YES;
				CLANG_WARN_BLOCK_CAPTURE_AUTORELEASING = YES;
				CLANG_WARN_BOOL_CONVERSION = YES;
				CLANG_WARN_COMMA = YES;
				CLANG_WARN_CONSTANT_CONVERSION = YES;
				CLANG_WARN_DEPRECATED_OBJC_IMPLEMENTATIONS = YES;
				CLANG_WARN_DIRECT_OBJC_ISA_USAGE = YES_ERROR;
				CLANG_WARN_DOCUMENTATION_COMMENTS = YES;
				CLANG_WARN_EMPTY_BODY = YES;
				CLANG_WARN_ENUM_CONVERSION = YES;
				CLANG_WARN_INFINITE_RECURSION = YES;
				CLANG_WARN_INT_CONVERSION = YES;
				CLANG_WARN_NON_LITERAL_NULL_CONVERSION = YES;
				CLANG_WARN_OBJC_IMPLICIT_RETAIN_SELF = YES;
				CLANG_WARN_OBJC_LITERAL_CONVERSION = YES;
				CLANG_WARN_OBJC_ROOT_CLASS = YES_ERROR;
				CLANG_WARN_QUOTED_INCLUDE_IN_FRAMEWORK_HEADER = YES;
				CLANG_WARN_RANGE_LOOP_ANALYSIS = YES;
				CLANG_WARN_STRICT_PROTOTYPES = YES;
				CLANG_WARN_SUSPICIOUS_MOVE = YES;
				CLANG_WARN_UNGUARDED_AVAILABILITY = YES_AGGRESSIVE;
				CLANG_WARN_UNREACHABLE_CODE = YES;
				CLANG_WARN__DUPLICATE_METHOD_MATCH = YES;
				COPY_PHASE_STRIP = NO;
				DEBUG_INFORMATION_FORMAT = "dwarf-with-dsym";
				ENABLE_NS_ASSERTIONS = NO;
				ENABLE_STRICT_OBJC_MSGSEND = YES;
				GCC_C_LANGUAGE_STANDARD = gnu11;
				GCC_NO_COMMON_BLOCKS = YES;
				GCC_WARN_64_TO_32_BIT_CONVERSION = YES;
				GCC_WARN_ABOUT_RETURN_TYPE = YES_ERROR;
				GCC_WARN_UNDECLARED_SELECTOR = YES;
				GCC_WARN_UNINITIALIZED_AUTOS = YES_AGGRESSIVE;
				GCC_WARN_UNUSED_FUNCTION = YES;
				GCC_WARN_UNUSED_VARIABLE = YES;
				IPHONEOS_DEPLOYMENT_TARGET = 11;
				MTL_ENABLE_DEBUG_INFO = NO;
				MTL_FAST_MATH = YES;
				SDKROOT = iphoneos;
				SWIFT_COMPILATION_MODE = wholemodule;
				SWIFT_OPTIMIZATION_LEVEL = "-O";
				VALIDATE_PRODUCT = YES;
			};
			name = Release;
		};
		F541E568247324A000A0D6FE /* Debug */ = {
			isa = XCBuildConfiguration;
			baseConfigurationReference = 9ED1B5AB936AB438E0CECD7A /* Pods-BlockHeal.debug.xcconfig */;
			buildSettings = {
				ASSETCATALOG_COMPILER_APPICON_NAME = AppIcon;
				CODE_SIGN_IDENTITY = "Apple Development";
				CODE_SIGN_STYLE = Automatic;
				CURRENT_PROJECT_VERSION = 22;
				DEVELOPMENT_TEAM = AJLMAG95WU;
				FRAMEWORK_SEARCH_PATHS = (
					"$(inherited)",
					"$(PROJECT_DIR)/Carthage/Build/iOS",
				);
				INFOPLIST_FILE = BlockHeal/Info.plist;
				IPHONEOS_DEPLOYMENT_TARGET = 11.0;
				LD_RUNPATH_SEARCH_PATHS = (
					"$(inherited)",
					"@executable_path/Frameworks",
				);
				PRODUCT_BUNDLE_IDENTIFIER = com.Alireza12t.BlockHeal;
				PRODUCT_NAME = "$(TARGET_NAME)";
				PROVISIONING_PROFILE_SPECIFIER = "";
				SWIFT_VERSION = 5.0;
				TARGETED_DEVICE_FAMILY = "1,2";
			};
			name = Debug;
		};
		F541E569247324A000A0D6FE /* Release */ = {
			isa = XCBuildConfiguration;
			baseConfigurationReference = 76D459465758ABA3AFCFE936 /* Pods-BlockHeal.release.xcconfig */;
			buildSettings = {
				ASSETCATALOG_COMPILER_APPICON_NAME = AppIcon;
				CODE_SIGN_IDENTITY = "Apple Development";
				CODE_SIGN_STYLE = Automatic;
				CURRENT_PROJECT_VERSION = 22;
				DEVELOPMENT_TEAM = AJLMAG95WU;
				FRAMEWORK_SEARCH_PATHS = (
					"$(inherited)",
					"$(PROJECT_DIR)/Carthage/Build/iOS",
				);
				INFOPLIST_FILE = BlockHeal/Info.plist;
				IPHONEOS_DEPLOYMENT_TARGET = 11.0;
				LD_RUNPATH_SEARCH_PATHS = (
					"$(inherited)",
					"@executable_path/Frameworks",
				);
				PRODUCT_BUNDLE_IDENTIFIER = com.Alireza12t.BlockHeal;
				PRODUCT_NAME = "$(TARGET_NAME)";
				PROVISIONING_PROFILE_SPECIFIER = "";
				SWIFT_VERSION = 5.0;
				TARGETED_DEVICE_FAMILY = "1,2";
			};
			name = Release;
		};
/* End XCBuildConfiguration section */

/* Begin XCConfigurationList section */
		F541E54E2473249E00A0D6FE /* Build configuration list for PBXProject "BlockHeal" */ = {
			isa = XCConfigurationList;
			buildConfigurations = (
				F541E565247324A000A0D6FE /* Debug */,
				F541E566247324A000A0D6FE /* Release */,
			);
			defaultConfigurationIsVisible = 0;
			defaultConfigurationName = Release;
		};
		F541E567247324A000A0D6FE /* Build configuration list for PBXNativeTarget "BlockHeal" */ = {
			isa = XCConfigurationList;
			buildConfigurations = (
				F541E568247324A000A0D6FE /* Debug */,
				F541E569247324A000A0D6FE /* Release */,
			);
			defaultConfigurationIsVisible = 0;
			defaultConfigurationName = Release;
		};
/* End XCConfigurationList section */
	};
	rootObject = F541E54B2473249E00A0D6FE /* Project object */;
}
